
Microsoft Visual Studio Solution File, Format Version 12.00
# Visual Studio Version 17
VisualStudioVersion = 17.5.002.0
MinimumVisualStudioVersion = 10.0.40219.1
Project("{9A19103F-16F7-4668-BE54-9A1E7A4F7556}") = "ApiTokenSecurity", "ApiTokenSecurity.csproj", "{397944A5-C6B7-4AD1-A78A-0290A6DF791C}"
EndProject
Global
	GlobalSection(SolutionConfigurationPlatforms) = preSolution
		Debug|Any CPU = Debug|Any CPU
		Release|Any CPU = Release|Any CPU
	EndGlobalSection
	GlobalSection(ProjectConfigurationPlatforms) = postSolution
		{397944A5-C6B7-4AD1-A78A-0290A6DF791C}.Debug|Any CPU.ActiveCfg = Debug|Any CPU
		{397944A5-C6B7-4AD1-A78A-0290A6DF791C}.Debug|Any CPU.Build.0 = Debug|Any CPU
		{397944A5-C6B7-4AD1-A78A-0290A6DF791C}.Release|Any CPU.ActiveCfg = Release|Any CPU
		{397944A5-C6B7-4AD1-A78A-0290A6DF791C}.Release|Any CPU.Build.0 = Release|Any CPU
	EndGlobalSection
	GlobalSection(SolutionProperties) = preSolution
		HideSolutionNode = FALSE
	EndGlobalSection
	GlobalSection(ExtensibilityGlobals) = postSolution
		SolutionGuid = {6B535264-D092-4FE9-B132-EFFB7EF5E211}
	EndGlobalSection
EndGlobal
